{
  "version": 4,
  "terraform_version": "1.1.7",
  "serial": 3,
  "lineage": "95d99274-785b-cfa0-d263-cf6e8c35c685",
  "outputs": {},
  "resources": [
    {
      "mode": "managed",
      "type": "azurerm_resource_group",
      "name": "rgtest",
      "provider": "provider[\"registry.terraform.io/hashicorp/azurerm\"]",
      "instances": [
        {
          "schema_version": 0,
          "attributes": {
            "id": "/subscriptions/e56c7cda-bc0c-4681-bd0a-c37f43a7ccf0/resourceGroups/rgtest",
            "location": "francecentral",
            "name": "rgtest",
            "tags": null,
            "timeouts": null
          },
          "sensitive_attributes": [],
          "private": "eyJlMmJmYjczMC1lY2FhLTExZTYtOGY4OC0zNDM2M2JjN2M0YzAiOnsiY3JlYXRlIjo1NDAwMDAwMDAwMDAwLCJkZWxldGUiOjU0MDAwMDAwMDAwMDAsInJlYWQiOjMwMDAwMDAwMDAwMCwidXBkYXRlIjo1NDAwMDAwMDAwMDAwfX0="
        }
      ]
    },
    {
      "mode": "managed",
      "type": "azurerm_virtual_network",
      "name": "vnettest",
      "provider": "provider[\"registry.terraform.io/hashicorp/azurerm\"]",
      "instances": [
        {
          "schema_version": 0,
          "attributes": {
            "address_space": [
              "10.1.0.0/16"
            ],
            "bgp_community": "",
            "ddos_protection_plan": [],
            "dns_servers": [],
            "flow_timeout_in_minutes": 0,
            "guid": "e681f25a-1071-47d3-9286-7afc34701269",
            "id": "/subscriptions/e56c7cda-bc0c-4681-bd0a-c37f43a7ccf0/resourceGroups/rgtest/providers/Microsoft.Network/virtualNetworks/vnettest",
            "location": "francecentral",
            "name": "vnettest",
            "resource_group_name": "rgtest",
            "subnet": [
              {
                "address_prefix": "10.1.1.0/24",
                "id": "/subscriptions/e56c7cda-bc0c-4681-bd0a-c37f43a7ccf0/resourceGroups/rgtest/providers/Microsoft.Network/virtualNetworks/vnettest/subnets/subnet1test",
                "name": "subnet1test",
                "security_group": ""
              },
              {
                "address_prefix": "10.1.2.0/24",
                "id": "/subscriptions/e56c7cda-bc0c-4681-bd0a-c37f43a7ccf0/resourceGroups/rgtest/providers/Microsoft.Network/virtualNetworks/vnettest/subnets/subnet2test",
                "name": "subnet2test",
                "security_group": ""
              }
            ],
            "tags": null,
            "timeouts": null,
            "vm_protection_enabled": false
          },
          "sensitive_attributes": [],
          "private": "eyJlMmJmYjczMC1lY2FhLTExZTYtOGY4OC0zNDM2M2JjN2M0YzAiOnsiY3JlYXRlIjoxODAwMDAwMDAwMDAwLCJkZWxldGUiOjE4MDAwMDAwMDAwMDAsInJlYWQiOjMwMDAwMDAwMDAwMCwidXBkYXRlIjoxODAwMDAwMDAwMDAwfX0="
        }
      ]
    }
  ]
}
